// !$*UTF8*$!
{
	archiveVersion = 1;
	classes = {
	};
	objectVersion = 51;
	objects = {

/* Begin PBXBuildFile section */
		033E0B6026385FF4005FA7D5 /* DefaultNetwork.swift in Sources */ = {isa = PBXBuildFile; fileRef = 033E0B5F26385FF4005FA7D5 /* DefaultNetwork.swift */; };
		033E0B6726386052005FA7D5 /* User.swift in Sources */ = {isa = PBXBuildFile; fileRef = 033E0B6626386052005FA7D5 /* User.swift */; };
		033E0B6B2638606C005FA7D5 /* SearchUsers.swift in Sources */ = {isa = PBXBuildFile; fileRef = 033E0B6A2638606C005FA7D5 /* SearchUsers.swift */; };
		033E0B76263860B0005FA7D5 /* GithubUseCase.swift in Sources */ = {isa = PBXBuildFile; fileRef = 033E0B75263860B0005FA7D5 /* GithubUseCase.swift */; };
		033E0B7A263860F1005FA7D5 /* FavoriteUserUseCase.swift in Sources */ = {isa = PBXBuildFile; fileRef = 033E0B79263860F1005FA7D5 /* FavoriteUserUseCase.swift */; };
		033E0B7E263864B2005FA7D5 /* GithubUserRepository.swift in Sources */ = {isa = PBXBuildFile; fileRef = 033E0B7D263864B2005FA7D5 /* GithubUserRepository.swift */; };
		033E0B82263864C9005FA7D5 /* LocalFavoriteGithubUserRepository.swift in Sources */ = {isa = PBXBuildFile; fileRef = 033E0B81263864C9005FA7D5 /* LocalFavoriteGithubUserRepository.swift */; };
		035125AA2637D39A0009BE3C /* AppDelegate.swift in Sources */ = {isa = PBXBuildFile; fileRef = 035125A92637D39A0009BE3C /* AppDelegate.swift */; };
		035125B12637D39A0009BE3C /* Main.storyboard in Resources */ = {isa = PBXBuildFile; fileRef = 035125AF2637D39A0009BE3C /* Main.storyboard */; };
		035125B32637D39A0009BE3C /* Assets.xcassets in Resources */ = {isa = PBXBuildFile; fileRef = 035125B22637D39A0009BE3C /* Assets.xcassets */; };
		035125B62637D39A0009BE3C /* LaunchScreen.storyboard in Resources */ = {isa = PBXBuildFile; fileRef = 035125B42637D39A0009BE3C /* LaunchScreen.storyboard */; };
		035125C12637D39B0009BE3C /* GithubUserTests.swift in Sources */ = {isa = PBXBuildFile; fileRef = 035125C02637D39B0009BE3C /* GithubUserTests.swift */; };
		035125E32637D9070009BE3C /* SearchUsersViewController.swift in Sources */ = {isa = PBXBuildFile; fileRef = 035125E22637D9070009BE3C /* SearchUsersViewController.swift */; };
		035125E82637D93E0009BE3C /* SearchUsersViewModel.swift in Sources */ = {isa = PBXBuildFile; fileRef = 035125E72637D93E0009BE3C /* SearchUsersViewModel.swift */; };
		038A8701263A7D6F005DC17E /* FavoriteUsers.xcdatamodeld in Sources */ = {isa = PBXBuildFile; fileRef = 038A86FF263A7D6F005DC17E /* FavoriteUsers.xcdatamodeld */; };
		038A8709263A8B68005DC17E /* FavoriteUser.swift in Sources */ = {isa = PBXBuildFile; fileRef = 038A8708263A8B68005DC17E /* FavoriteUser.swift */; };
		038C1D74263AECB80014E870 /* CoreDataTests.swift in Sources */ = {isa = PBXBuildFile; fileRef = 038C1D73263AECB80014E870 /* CoreDataTests.swift */; };
		038C1D7B263AFC410014E870 /* GithubUserTableViewCell.swift in Sources */ = {isa = PBXBuildFile; fileRef = 038C1D79263AFC410014E870 /* GithubUserTableViewCell.swift */; };
		038C1D7C263AFC410014E870 /* GithubUserTableViewCell.xib in Resources */ = {isa = PBXBuildFile; fileRef = 038C1D7A263AFC410014E870 /* GithubUserTableViewCell.xib */; };
		038C1D9A263B84D00014E870 /* UserRouter.swift in Sources */ = {isa = PBXBuildFile; fileRef = 038C1D99263B84CF0014E870 /* UserRouter.swift */; };
		0390089B263B9B6A002FCF5F /* StringExtensions.swift in Sources */ = {isa = PBXBuildFile; fileRef = 0390089A263B9B6A002FCF5F /* StringExtensions.swift */; };
		039008A1263B9BBF002FCF5F /* WrappedUserSection.swift in Sources */ = {isa = PBXBuildFile; fileRef = 039008A0263B9BBF002FCF5F /* WrappedUserSection.swift */; };
		039008A5263B9BD4002FCF5F /* WrappedUser.swift in Sources */ = {isa = PBXBuildFile; fileRef = 039008A4263B9BD3002FCF5F /* WrappedUser.swift */; };
		03EDB9912639A8360016E333 /* HomeTabbarController.swift in Sources */ = {isa = PBXBuildFile; fileRef = 03EDB9902639A8360016E333 /* HomeTabbarController.swift */; };
		03EDB9952639AB1D0016E333 /* FavoriteUsersViewController.swift in Sources */ = {isa = PBXBuildFile; fileRef = 03EDB9942639AB1D0016E333 /* FavoriteUsersViewController.swift */; };
		03EDB9992639AD830016E333 /* FavoriteUsersViewModel.swift in Sources */ = {isa = PBXBuildFile; fileRef = 03EDB9982639AD830016E333 /* FavoriteUsersViewModel.swift */; };
		03EDB99D2639AEF80016E333 /* UserDetailViewController.swift in Sources */ = {isa = PBXBuildFile; fileRef = 03EDB99C2639AEF80016E333 /* UserDetailViewController.swift */; };
		03EDB9A12639AF050016E333 /* UserDetailViewModel.swift in Sources */ = {isa = PBXBuildFile; fileRef = 03EDB9A02639AF050016E333 /* UserDetailViewModel.swift */; };
		A681E3D9DFB27B264573D0CE /* Pods_GithubUserTests.framework in Frameworks */ = {isa = PBXBuildFile; fileRef = 9323CA8DB69644C377DA2BB8 /* Pods_GithubUserTests.framework */; };
		E8ED1601142766F1C4F4B533 /* Pods_GithubUser.framework in Frameworks */ = {isa = PBXBuildFile; fileRef = F1F3CF270DB87495FAFE4104 /* Pods_GithubUser.framework */; };
/* End PBXBuildFile section */

/* Begin PBXContainerItemProxy section */
		035125BD2637D39B0009BE3C /* PBXContainerItemProxy */ = {
			isa = PBXContainerItemProxy;
			containerPortal = 0351259E2637D39A0009BE3C /* Project object */;
			proxyType = 1;
			remoteGlobalIDString = 035125A52637D39A0009BE3C;
			remoteInfo = GithubUser;
		};
/* End PBXContainerItemProxy section */

/* Begin PBXFileReference section */
		033E0B5F26385FF4005FA7D5 /* DefaultNetwork.swift */ = {isa = PBXFileReference; lastKnownFileType = sourcecode.swift; path = DefaultNetwork.swift; sourceTree = "<group>"; };
		033E0B6626386052005FA7D5 /* User.swift */ = {isa = PBXFileReference; lastKnownFileType = sourcecode.swift; path = User.swift; sourceTree = "<group>"; };
		033E0B6A2638606C005FA7D5 /* SearchUsers.swift */ = {isa = PBXFileReference; lastKnownFileType = sourcecode.swift; path = SearchUsers.swift; sourceTree = "<group>"; };
		033E0B75263860B0005FA7D5 /* GithubUseCase.swift */ = {isa = PBXFileReference; lastKnownFileType = sourcecode.swift; path = GithubUseCase.swift; sourceTree = "<group>"; };
		033E0B79263860F1005FA7D5 /* FavoriteUserUseCase.swift */ = {isa = PBXFileReference; lastKnownFileType = sourcecode.swift; path = FavoriteUserUseCase.swift; sourceTree = "<group>"; };
		033E0B7D263864B2005FA7D5 /* GithubUserRepository.swift */ = {isa = PBXFileReference; lastKnownFileType = sourcecode.swift; path = GithubUserRepository.swift; sourceTree = "<group>"; };
		033E0B81263864C9005FA7D5 /* LocalFavoriteGithubUserRepository.swift */ = {isa = PBXFileReference; lastKnownFileType = sourcecode.swift; path = LocalFavoriteGithubUserRepository.swift; sourceTree = "<group>"; };
		035125A62637D39A0009BE3C /* GithubUser.app */ = {isa = PBXFileReference; explicitFileType = wrapper.application; includeInIndex = 0; path = GithubUser.app; sourceTree = BUILT_PRODUCTS_DIR; };
		035125A92637D39A0009BE3C /* AppDelegate.swift */ = {isa = PBXFileReference; lastKnownFileType = sourcecode.swift; path = AppDelegate.swift; sourceTree = "<group>"; };
		035125B02637D39A0009BE3C /* Base */ = {isa = PBXFileReference; lastKnownFileType = file.storyboard; name = Base; path = Base.lproj/Main.storyboard; sourceTree = "<group>"; };
		035125B22637D39A0009BE3C /* Assets.xcassets */ = {isa = PBXFileReference; lastKnownFileType = folder.assetcatalog; path = Assets.xcassets; sourceTree = "<group>"; };
		035125B52637D39A0009BE3C /* Base */ = {isa = PBXFileReference; lastKnownFileType = file.storyboard; name = Base; path = Base.lproj/LaunchScreen.storyboard; sourceTree = "<group>"; };
		035125B72637D39A0009BE3C /* Info.plist */ = {isa = PBXFileReference; lastKnownFileType = text.plist.xml; path = Info.plist; sourceTree = "<group>"; };
		035125BC2637D39B0009BE3C /* GithubUserTests.xctest */ = {isa = PBXFileReference; explicitFileType = wrapper.cfbundle; includeInIndex = 0; path = GithubUserTests.xctest; sourceTree = BUILT_PRODUCTS_DIR; };
		035125C02637D39B0009BE3C /* GithubUserTests.swift */ = {isa = PBXFileReference; lastKnownFileType = sourcecode.swift; path = GithubUserTests.swift; sourceTree = "<group>"; };
		035125C22637D39B0009BE3C /* Info.plist */ = {isa = PBXFileReference; lastKnownFileType = text.plist.xml; path = Info.plist; sourceTree = "<group>"; };
		035125E22637D9070009BE3C /* SearchUsersViewController.swift */ = {isa = PBXFileReference; lastKnownFileType = sourcecode.swift; path = SearchUsersViewController.swift; sourceTree = "<group>"; };
		035125E72637D93E0009BE3C /* SearchUsersViewModel.swift */ = {isa = PBXFileReference; lastKnownFileType = sourcecode.swift; path = SearchUsersViewModel.swift; sourceTree = "<group>"; };
		038A8700263A7D6F005DC17E /* FavoriteUser.xcdatamodel */ = {isa = PBXFileReference; lastKnownFileType = wrapper.xcdatamodel; path = FavoriteUser.xcdatamodel; sourceTree = "<group>"; };
		038A8708263A8B68005DC17E /* FavoriteUser.swift */ = {isa = PBXFileReference; lastKnownFileType = sourcecode.swift; path = FavoriteUser.swift; sourceTree = "<group>"; };
		038C1D73263AECB80014E870 /* CoreDataTests.swift */ = {isa = PBXFileReference; lastKnownFileType = sourcecode.swift; path = CoreDataTests.swift; sourceTree = "<group>"; };
		038C1D79263AFC410014E870 /* GithubUserTableViewCell.swift */ = {isa = PBXFileReference; lastKnownFileType = sourcecode.swift; path = GithubUserTableViewCell.swift; sourceTree = "<group>"; };
		038C1D7A263AFC410014E870 /* GithubUserTableViewCell.xib */ = {isa = PBXFileReference; lastKnownFileType = file.xib; path = GithubUserTableViewCell.xib; sourceTree = "<group>"; };
		038C1D99263B84CF0014E870 /* UserRouter.swift */ = {isa = PBXFileReference; lastKnownFileType = sourcecode.swift; path = UserRouter.swift; sourceTree = "<group>"; };
		0390089A263B9B6A002FCF5F /* StringExtensions.swift */ = {isa = PBXFileReference; lastKnownFileType = sourcecode.swift; path = StringExtensions.swift; sourceTree = "<group>"; };
		039008A0263B9BBF002FCF5F /* WrappedUserSection.swift */ = {isa = PBXFileReference; lastKnownFileType = sourcecode.swift; path = WrappedUserSection.swift; sourceTree = "<group>"; };
		039008A4263B9BD3002FCF5F /* WrappedUser.swift */ = {isa = PBXFileReference; lastKnownFileType = sourcecode.swift; path = WrappedUser.swift; sourceTree = "<group>"; };
		03EDB9902639A8360016E333 /* HomeTabbarController.swift */ = {isa = PBXFileReference; lastKnownFileType = sourcecode.swift; path = HomeTabbarController.swift; sourceTree = "<group>"; };
		03EDB9942639AB1D0016E333 /* FavoriteUsersViewController.swift */ = {isa = PBXFileReference; lastKnownFileType = sourcecode.swift; path = FavoriteUsersViewController.swift; sourceTree = "<group>"; };
		03EDB9982639AD830016E333 /* FavoriteUsersViewModel.swift */ = {isa = PBXFileReference; lastKnownFileType = sourcecode.swift; path = FavoriteUsersViewModel.swift; sourceTree = "<group>"; };
		03EDB99C2639AEF80016E333 /* UserDetailViewController.swift */ = {isa = PBXFileReference; lastKnownFileType = sourcecode.swift; path = UserDetailViewController.swift; sourceTree = "<group>"; };
		03EDB9A02639AF050016E333 /* UserDetailViewModel.swift */ = {isa = PBXFileReference; lastKnownFileType = sourcecode.swift; path = UserDetailViewModel.swift; sourceTree = "<group>"; };
		32228C0F3A2A143228289C0F /* Pods-GithubUserTests.release.xcconfig */ = {isa = PBXFileReference; includeInIndex = 1; lastKnownFileType = text.xcconfig; name = "Pods-GithubUserTests.release.xcconfig"; path = "Target Support Files/Pods-GithubUserTests/Pods-GithubUserTests.release.xcconfig"; sourceTree = "<group>"; };
		34B8A9E444EC78A3CF440C83 /* Pods-GithubUserTests.debug.xcconfig */ = {isa = PBXFileReference; includeInIndex = 1; lastKnownFileType = text.xcconfig; name = "Pods-GithubUserTests.debug.xcconfig"; path = "Target Support Files/Pods-GithubUserTests/Pods-GithubUserTests.debug.xcconfig"; sourceTree = "<group>"; };
		53EF2017D18F16CAE995A3B1 /* Pods_GithubUser_GithubUserUITests.framework */ = {isa = PBXFileReference; explicitFileType = wrapper.framework; includeInIndex = 0; path = Pods_GithubUser_GithubUserUITests.framework; sourceTree = BUILT_PRODUCTS_DIR; };
		57E8DE30BF36A9E4DFF1EAF0 /* Pods-GithubUser.debug.xcconfig */ = {isa = PBXFileReference; includeInIndex = 1; lastKnownFileType = text.xcconfig; name = "Pods-GithubUser.debug.xcconfig"; path = "Target Support Files/Pods-GithubUser/Pods-GithubUser.debug.xcconfig"; sourceTree = "<group>"; };
		9323CA8DB69644C377DA2BB8 /* Pods_GithubUserTests.framework */ = {isa = PBXFileReference; explicitFileType = wrapper.framework; includeInIndex = 0; path = Pods_GithubUserTests.framework; sourceTree = BUILT_PRODUCTS_DIR; };
		9AC177FCD3BFD9E048498CF1 /* Pods-GithubUser-GithubUserUITests.release.xcconfig */ = {isa = PBXFileReference; includeInIndex = 1; lastKnownFileType = text.xcconfig; name = "Pods-GithubUser-GithubUserUITests.release.xcconfig"; path = "Target Support Files/Pods-GithubUser-GithubUserUITests/Pods-GithubUser-GithubUserUITests.release.xcconfig"; sourceTree = "<group>"; };
		D11D23EA85BD0086C0A772AE /* Pods-GithubUser-GithubUserUITests.debug.xcconfig */ = {isa = PBXFileReference; includeInIndex = 1; lastKnownFileType = text.xcconfig; name = "Pods-GithubUser-GithubUserUITests.debug.xcconfig"; path = "Target Support Files/Pods-GithubUser-GithubUserUITests/Pods-GithubUser-GithubUserUITests.debug.xcconfig"; sourceTree = "<group>"; };
		D55FABB611831CC70CD7D12E /* Pods-GithubUser.release.xcconfig */ = {isa = PBXFileReference; includeInIndex = 1; lastKnownFileType = text.xcconfig; name = "Pods-GithubUser.release.xcconfig"; path = "Target Support Files/Pods-GithubUser/Pods-GithubUser.release.xcconfig"; sourceTree = "<group>"; };
		F1F3CF270DB87495FAFE4104 /* Pods_GithubUser.framework */ = {isa = PBXFileReference; explicitFileType = wrapper.framework; includeInIndex = 0; path = Pods_GithubUser.framework; sourceTree = BUILT_PRODUCTS_DIR; };
/* End PBXFileReference section */

/* Begin PBXFrameworksBuildPhase section */
		035125A32637D39A0009BE3C /* Frameworks */ = {
			isa = PBXFrameworksBuildPhase;
			buildActionMask = 2147483647;
			files = (
				E8ED1601142766F1C4F4B533 /* Pods_GithubUser.framework in Frameworks */,
			);
			runOnlyForDeploymentPostprocessing = 0;
		};
		035125B92637D39B0009BE3C /* Frameworks */ = {
			isa = PBXFrameworksBuildPhase;
			buildActionMask = 2147483647;
			files = (
				A681E3D9DFB27B264573D0CE /* Pods_GithubUserTests.framework in Frameworks */,
			);
			runOnlyForDeploymentPostprocessing = 0;
		};
/* End PBXFrameworksBuildPhase section */

/* Begin PBXGroup section */
		023F08A66CD00BCCC213493D /* Pods */ = {
			isa = PBXGroup;
			children = (
				57E8DE30BF36A9E4DFF1EAF0 /* Pods-GithubUser.debug.xcconfig */,
				D55FABB611831CC70CD7D12E /* Pods-GithubUser.release.xcconfig */,
				D11D23EA85BD0086C0A772AE /* Pods-GithubUser-GithubUserUITests.debug.xcconfig */,
				9AC177FCD3BFD9E048498CF1 /* Pods-GithubUser-GithubUserUITests.release.xcconfig */,
				34B8A9E444EC78A3CF440C83 /* Pods-GithubUserTests.debug.xcconfig */,
				32228C0F3A2A143228289C0F /* Pods-GithubUserTests.release.xcconfig */,
			);
			path = Pods;
			sourceTree = "<group>";
		};
		033E0B5E26384FA9005FA7D5 /* Network */ = {
			isa = PBXGroup;
			children = (
				033E0B5F26385FF4005FA7D5 /* DefaultNetwork.swift */,
				033E0B7D263864B2005FA7D5 /* GithubUserRepository.swift */,
			);
			path = Network;
			sourceTree = "<group>";
		};
		033E0B632638602E005FA7D5 /* Domain */ = {
			isa = PBXGroup;
			children = (
				033E0B852638E750005FA7D5 /* Entity */,
				033E0B7426386096005FA7D5 /* UseCase */,
			);
			path = Domain;
			sourceTree = "<group>";
		};
		033E0B7426386096005FA7D5 /* UseCase */ = {
			isa = PBXGroup;
			children = (
				033E0B75263860B0005FA7D5 /* GithubUseCase.swift */,
				033E0B79263860F1005FA7D5 /* FavoriteUserUseCase.swift */,
			);
			path = UseCase;
			sourceTree = "<group>";
		};
		033E0B852638E750005FA7D5 /* Entity */ = {
			isa = PBXGroup;
			children = (
				033E0B6A2638606C005FA7D5 /* SearchUsers.swift */,
				033E0B6626386052005FA7D5 /* User.swift */,
				038A8708263A8B68005DC17E /* FavoriteUser.swift */,
			);
			path = Entity;
			sourceTree = "<group>";
		};
		0351259D2637D39A0009BE3C = {
			isa = PBXGroup;
			children = (
				035125A82637D39A0009BE3C /* GithubUser */,
				035125BF2637D39B0009BE3C /* GithubUserTests */,
				035125A72637D39A0009BE3C /* Products */,
				023F08A66CD00BCCC213493D /* Pods */,
				4909970A6425F86A848A3F60 /* Frameworks */,
			);
			sourceTree = "<group>";
		};
		035125A72637D39A0009BE3C /* Products */ = {
			isa = PBXGroup;
			children = (
				035125A62637D39A0009BE3C /* GithubUser.app */,
				035125BC2637D39B0009BE3C /* GithubUserTests.xctest */,
			);
			name = Products;
			sourceTree = "<group>";
		};
		035125A82637D39A0009BE3C /* GithubUser */ = {
			isa = PBXGroup;
			children = (
				035125A92637D39A0009BE3C /* AppDelegate.swift */,
				03EDB9902639A8360016E333 /* HomeTabbarController.swift */,
				03900899263B9B55002FCF5F /* Extensions */,
				03900898263B9B2F002FCF5F /* SearchUsers */,
				03900897263B9B23002FCF5F /* FavoriteUsers */,
				038C1D99263B84CF0014E870 /* UserRouter.swift */,
				03900896263B9B0A002FCF5F /* UserDetail */,
				03900895263B9AF7002FCF5F /* TableViewCell */,
				033E0B632638602E005FA7D5 /* Domain */,
				033E0B5E26384FA9005FA7D5 /* Network */,
				03EDB9AC263A6F740016E333 /* CoreData */,
				035125AF2637D39A0009BE3C /* Main.storyboard */,
				035125B22637D39A0009BE3C /* Assets.xcassets */,
				035125B42637D39A0009BE3C /* LaunchScreen.storyboard */,
				035125B72637D39A0009BE3C /* Info.plist */,
			);
			path = GithubUser;
			sourceTree = "<group>";
		};
		035125BF2637D39B0009BE3C /* GithubUserTests */ = {
			isa = PBXGroup;
			children = (
				035125C02637D39B0009BE3C /* GithubUserTests.swift */,
				038C1D73263AECB80014E870 /* CoreDataTests.swift */,
				035125C22637D39B0009BE3C /* Info.plist */,
			);
			path = GithubUserTests;
			sourceTree = "<group>";
		};
		03900895263B9AF7002FCF5F /* TableViewCell */ = {
			isa = PBXGroup;
			children = (
				038C1D79263AFC410014E870 /* GithubUserTableViewCell.swift */,
				038C1D7A263AFC410014E870 /* GithubUserTableViewCell.xib */,
				039008AE263B9C1F002FCF5F /* Model */,
			);
			path = TableViewCell;
			sourceTree = "<group>";
		};
		03900896263B9B0A002FCF5F /* UserDetail */ = {
			isa = PBXGroup;
			children = (
				03EDB99C2639AEF80016E333 /* UserDetailViewController.swift */,
				03EDB9A02639AF050016E333 /* UserDetailViewModel.swift */,
			);
			path = UserDetail;
			sourceTree = "<group>";
		};
		03900897263B9B23002FCF5F /* FavoriteUsers */ = {
			isa = PBXGroup;
			children = (
				03EDB9942639AB1D0016E333 /* FavoriteUsersViewController.swift */,
				03EDB9982639AD830016E333 /* FavoriteUsersViewModel.swift */,
			);
			path = FavoriteUsers;
			sourceTree = "<group>";
		};
		03900898263B9B2F002FCF5F /* SearchUsers */ = {
			isa = PBXGroup;
			children = (
				035125E22637D9070009BE3C /* SearchUsersViewController.swift */,
				035125E72637D93E0009BE3C /* SearchUsersViewModel.swift */,
			);
			path = SearchUsers;
			sourceTree = "<group>";
		};
		03900899263B9B55002FCF5F /* Extensions */ = {
			isa = PBXGroup;
			children = (
				0390089A263B9B6A002FCF5F /* StringExtensions.swift */,
			);
			path = Extensions;
			sourceTree = "<group>";
		};
		039008AE263B9C1F002FCF5F /* Model */ = {
			isa = PBXGroup;
			children = (
				039008A0263B9BBF002FCF5F /* WrappedUserSection.swift */,
				039008A4263B9BD3002FCF5F /* WrappedUser.swift */,
			);
			path = Model;
			sourceTree = "<group>";
		};
		03EDB9AC263A6F740016E333 /* CoreData */ = {
			isa = PBXGroup;
			children = (
				033E0B81263864C9005FA7D5 /* LocalFavoriteGithubUserRepository.swift */,
				038A86FF263A7D6F005DC17E /* FavoriteUsers.xcdatamodeld */,
			);
			path = CoreData;
			sourceTree = "<group>";
		};
		4909970A6425F86A848A3F60 /* Frameworks */ = {
			isa = PBXGroup;
			children = (
				F1F3CF270DB87495FAFE4104 /* Pods_GithubUser.framework */,
				53EF2017D18F16CAE995A3B1 /* Pods_GithubUser_GithubUserUITests.framework */,
				9323CA8DB69644C377DA2BB8 /* Pods_GithubUserTests.framework */,
			);
			name = Frameworks;
			sourceTree = "<group>";
		};
/* End PBXGroup section */

/* Begin PBXNativeTarget section */
		035125A52637D39A0009BE3C /* GithubUser */ = {
			isa = PBXNativeTarget;
			buildConfigurationList = 035125D02637D39B0009BE3C /* Build configuration list for PBXNativeTarget "GithubUser" */;
			buildPhases = (
				7835A8894551C770024A704C /* [CP] Check Pods Manifest.lock */,
				035125A22637D39A0009BE3C /* Sources */,
				035125A32637D39A0009BE3C /* Frameworks */,
				035125A42637D39A0009BE3C /* Resources */,
				57D9189C1AB26AEF36B48C08 /* [CP] Embed Pods Frameworks */,
			);
			buildRules = (
			);
			dependencies = (
			);
			name = GithubUser;
			productName = GithubUser;
			productReference = 035125A62637D39A0009BE3C /* GithubUser.app */;
			productType = "com.apple.product-type.application";
		};
		035125BB2637D39B0009BE3C /* GithubUserTests */ = {
			isa = PBXNativeTarget;
			buildConfigurationList = 035125D32637D39B0009BE3C /* Build configuration list for PBXNativeTarget "GithubUserTests" */;
			buildPhases = (
				9B58742F0BD68151946E117F /* [CP] Check Pods Manifest.lock */,
				035125B82637D39B0009BE3C /* Sources */,
				035125B92637D39B0009BE3C /* Frameworks */,
				035125BA2637D39B0009BE3C /* Resources */,
				603C240F9683D7C355E205A1 /* [CP] Embed Pods Frameworks */,
			);
			buildRules = (
			);
			dependencies = (
				035125BE2637D39B0009BE3C /* PBXTargetDependency */,
			);
			name = GithubUserTests;
			productName = GithubUserTests;
			productReference = 035125BC2637D39B0009BE3C /* GithubUserTests.xctest */;
			productType = "com.apple.product-type.bundle.unit-test";
		};
/* End PBXNativeTarget section */

/* Begin PBXProject section */
		0351259E2637D39A0009BE3C /* Project object */ = {
			isa = PBXProject;
			attributes = {
				LastSwiftUpdateCheck = 1240;
				LastUpgradeCheck = 1240;
				TargetAttributes = {
					035125A52637D39A0009BE3C = {
						CreatedOnToolsVersion = 12.4;
					};
					035125BB2637D39B0009BE3C = {
						CreatedOnToolsVersion = 12.4;
						TestTargetID = 035125A52637D39A0009BE3C;
					};
				};
			};
			buildConfigurationList = 035125A12637D39A0009BE3C /* Build configuration list for PBXProject "GithubUser" */;
			compatibilityVersion = "Xcode 9.3";
			developmentRegion = en;
			hasScannedForEncodings = 0;
			knownRegions = (
				en,
				Base,
			);
			mainGroup = 0351259D2637D39A0009BE3C;
			productRefGroup = 035125A72637D39A0009BE3C /* Products */;
			projectDirPath = "";
			projectRoot = "";
			targets = (
				035125A52637D39A0009BE3C /* GithubUser */,
				035125BB2637D39B0009BE3C /* GithubUserTests */,
			);
		};
/* End PBXProject section */

/* Begin PBXResourcesBuildPhase section */
		035125A42637D39A0009BE3C /* Resources */ = {
			isa = PBXResourcesBuildPhase;
			buildActionMask = 2147483647;
			files = (
				035125B62637D39A0009BE3C /* LaunchScreen.storyboard in Resources */,
				038C1D7C263AFC410014E870 /* GithubUserTableViewCell.xib in Resources */,
				035125B32637D39A0009BE3C /* Assets.xcassets in Resources */,
				035125B12637D39A0009BE3C /* Main.storyboard in Resources */,
			);
			runOnlyForDeploymentPostprocessing = 0;
		};
		035125BA2637D39B0009BE3C /* Resources */ = {
			isa = PBXResourcesBuildPhase;
			buildActionMask = 2147483647;
			files = (
			);
			runOnlyForDeploymentPostprocessing = 0;
		};
/* End PBXResourcesBuildPhase section */

/* Begin PBXShellScriptBuildPhase section */
		57D9189C1AB26AEF36B48C08 /* [CP] Embed Pods Frameworks */ = {
			isa = PBXShellScriptBuildPhase;
			buildActionMask = 2147483647;
			files = (
			);
			inputFileListPaths = (
				"${PODS_ROOT}/Target Support Files/Pods-GithubUser/Pods-GithubUser-frameworks-${CONFIGURATION}-input-files.xcfilelist",
			);
			name = "[CP] Embed Pods Frameworks";
			outputFileListPaths = (
				"${PODS_ROOT}/Target Support Files/Pods-GithubUser/Pods-GithubUser-frameworks-${CONFIGURATION}-output-files.xcfilelist",
			);
			runOnlyForDeploymentPostprocessing = 0;
			shellPath = /bin/sh;
			shellScript = "\"${PODS_ROOT}/Target Support Files/Pods-GithubUser/Pods-GithubUser-frameworks.sh\"\n";
			showEnvVarsInLog = 0;
		};
		603C240F9683D7C355E205A1 /* [CP] Embed Pods Frameworks */ = {
			isa = PBXShellScriptBuildPhase;
			buildActionMask = 2147483647;
			files = (
			);
			inputFileListPaths = (
				"${PODS_ROOT}/Target Support Files/Pods-GithubUserTests/Pods-GithubUserTests-frameworks-${CONFIGURATION}-input-files.xcfilelist",
			);
			name = "[CP] Embed Pods Frameworks";
			outputFileListPaths = (
				"${PODS_ROOT}/Target Support Files/Pods-GithubUserTests/Pods-GithubUserTests-frameworks-${CONFIGURATION}-output-files.xcfilelist",
			);
			runOnlyForDeploymentPostprocessing = 0;
			shellPath = /bin/sh;
			shellScript = "\"${PODS_ROOT}/Target Support Files/Pods-GithubUserTests/Pods-GithubUserTests-frameworks.sh\"\n";
			showEnvVarsInLog = 0;
		};
		7835A8894551C770024A704C /* [CP] Check Pods Manifest.lock */ = {
			isa = PBXShellScriptBuildPhase;
			buildActionMask = 2147483647;
			files = (
			);
			inputFileListPaths = (
			);
			inputPaths = (
				"${PODS_PODFILE_DIR_PATH}/Podfile.lock",
				"${PODS_ROOT}/Manifest.lock",
			);
			name = "[CP] Check Pods Manifest.lock";
			outputFileListPaths = (
			);
			outputPaths = (
				"$(DERIVED_FILE_DIR)/Pods-GithubUser-checkManifestLockResult.txt",
			);
			runOnlyForDeploymentPostprocessing = 0;
			shellPath = /bin/sh;
			shellScript = "diff \"${PODS_PODFILE_DIR_PATH}/Podfile.lock\" \"${PODS_ROOT}/Manifest.lock\" > /dev/null\nif [ $? != 0 ] ; then\n    # print error to STDERR\n    echo \"error: The sandbox is not in sync with the Podfile.lock. Run 'pod install' or update your CocoaPods installation.\" >&2\n    exit 1\nfi\n# This output is used by Xcode 'outputs' to avoid re-running this script phase.\necho \"SUCCESS\" > \"${SCRIPT_OUTPUT_FILE_0}\"\n";
			showEnvVarsInLog = 0;
		};
		9B58742F0BD68151946E117F /* [CP] Check Pods Manifest.lock */ = {
			isa = PBXShellScriptBuildPhase;
			buildActionMask = 2147483647;
			files = (
			);
			inputFileListPaths = (
			);
			inputPaths = (
				"${PODS_PODFILE_DIR_PATH}/Podfile.lock",
				"${PODS_ROOT}/Manifest.lock",
			);
			name = "[CP] Check Pods Manifest.lock";
			outputFileListPaths = (
			);
			outputPaths = (
				"$(DERIVED_FILE_DIR)/Pods-GithubUserTests-checkManifestLockResult.txt",
			);
			runOnlyForDeploymentPostprocessing = 0;
			shellPath = /bin/sh;
			shellScript = "diff \"${PODS_PODFILE_DIR_PATH}/Podfile.lock\" \"${PODS_ROOT}/Manifest.lock\" > /dev/null\nif [ $? != 0 ] ; then\n    # print error to STDERR\n    echo \"error: The sandbox is not in sync with the Podfile.lock. Run 'pod install' or update your CocoaPods installation.\" >&2\n    exit 1\nfi\n# This output is used by Xcode 'outputs' to avoid re-running this script phase.\necho \"SUCCESS\" > \"${SCRIPT_OUTPUT_FILE_0}\"\n";
			showEnvVarsInLog = 0;
		};
/* End PBXShellScriptBuildPhase section */

/* Begin PBXSourcesBuildPhase section */
		035125A22637D39A0009BE3C /* Sources */ = {
			isa = PBXSourcesBuildPhase;
			buildActionMask = 2147483647;
			files = (
				039008A1263B9BBF002FCF5F /* WrappedUserSection.swift in Sources */,
				033E0B6026385FF4005FA7D5 /* DefaultNetwork.swift in Sources */,
				033E0B7E263864B2005FA7D5 /* GithubUserRepository.swift in Sources */,
				03EDB9952639AB1D0016E333 /* FavoriteUsersViewController.swift in Sources */,
				038A8709263A8B68005DC17E /* FavoriteUser.swift in Sources */,
				03EDB9912639A8360016E333 /* HomeTabbarController.swift in Sources */,
				038A8701263A7D6F005DC17E /* FavoriteUsers.xcdatamodeld in Sources */,
				033E0B82263864C9005FA7D5 /* LocalFavoriteGithubUserRepository.swift in Sources */,
				033E0B6726386052005FA7D5 /* User.swift in Sources */,
				038C1D7B263AFC410014E870 /* GithubUserTableViewCell.swift in Sources */,
				033E0B6B2638606C005FA7D5 /* SearchUsers.swift in Sources */,
				033E0B7A263860F1005FA7D5 /* FavoriteUserUseCase.swift in Sources */,
				039008A5263B9BD4002FCF5F /* WrappedUser.swift in Sources */,
				03EDB9A12639AF050016E333 /* UserDetailViewModel.swift in Sources */,
				0390089B263B9B6A002FCF5F /* StringExtensions.swift in Sources */,
				033E0B76263860B0005FA7D5 /* GithubUseCase.swift in Sources */,
				03EDB99D2639AEF80016E333 /* UserDetailViewController.swift in Sources */,
				03EDB9992639AD830016E333 /* FavoriteUsersViewModel.swift in Sources */,
				035125E82637D93E0009BE3C /* SearchUsersViewModel.swift in Sources */,
				035125E32637D9070009BE3C /* SearchUsersViewController.swift in Sources */,
				038C1D9A263B84D00014E870 /* UserRouter.swift in Sources */,
				035125AA2637D39A0009BE3C /* AppDelegate.swift in Sources */,
			);
			runOnlyForDeploymentPostprocessing = 0;
		};
		035125B82637D39B0009BE3C /* Sources */ = {
			isa = PBXSourcesBuildPhase;
			buildActionMask = 2147483647;
			files = (
				038C1D74263AECB80014E870 /* CoreDataTests.swift in Sources */,
				035125C12637D39B0009BE3C /* GithubUserTests.swift in Sources */,
			);
			runOnlyForDeploymentPostprocessing = 0;
		};
/* End PBXSourcesBuildPhase section */

/* Begin PBXTargetDependency section */
		035125BE2637D39B0009BE3C /* PBXTargetDependency */ = {
			isa = PBXTargetDependency;
			target = 035125A52637D39A0009BE3C /* GithubUser */;
			targetProxy = 035125BD2637D39B0009BE3C /* PBXContainerItemProxy */;
		};
/* End PBXTargetDependency section */

/* Begin PBXVariantGroup section */
		035125AF2637D39A0009BE3C /* Main.storyboard */ = {
			isa = PBXVariantGroup;
			children = (
				035125B02637D39A0009BE3C /* Base */,
			);
			name = Main.storyboard;
			sourceTree = "<group>";
		};
		035125B42637D39A0009BE3C /* LaunchScreen.storyboard */ = {
			isa = PBXVariantGroup;
			children = (
				035125B52637D39A0009BE3C /* Base */,
			);
			name = LaunchScreen.storyboard;
			sourceTree = "<group>";
		};
/* End PBXVariantGroup section */

/* Begin XCBuildConfiguration section */
		035125CE2637D39B0009BE3C /* Debug */ = {
			isa = XCBuildConfiguration;
			buildSettings = {
				ALWAYS_SEARCH_USER_PATHS = NO;
				CLANG_ANALYZER_NONNULL = YES;
				CLANG_ANALYZER_NUMBER_OBJECT_CONVERSION = YES_AGGRESSIVE;
				CLANG_CXX_LANGUAGE_STANDARD = "gnu++14";
				CLANG_CXX_LIBRARY = "libc++";
				CLANG_ENABLE_MODULES = YES;
				CLANG_ENABLE_OBJC_ARC = YES;
				CLANG_ENABLE_OBJC_WEAK = YES;
				CLANG_WARN_BLOCK_CAPTURE_AUTORELEASING = YES;
				CLANG_WARN_BOOL_CONVERSION = YES;
				CLANG_WARN_COMMA = YES;
				CLANG_WARN_CONSTANT_CONVERSION = YES;
				CLANG_WARN_DEPRECATED_OBJC_IMPLEMENTATIONS = YES;
				CLANG_WARN_DIRECT_OBJC_ISA_USAGE = YES_ERROR;
				CLANG_WARN_DOCUMENTATION_COMMENTS = YES;
				CLANG_WARN_EMPTY_BODY = YES;
				CLANG_WARN_ENUM_CONVERSION = YES;
				CLANG_WARN_INFINITE_RECURSION = YES;
				CLANG_WARN_INT_CONVERSION = YES;
				CLANG_WARN_NON_LITERAL_NULL_CONVERSION = YES;
				CLANG_WARN_OBJC_IMPLICIT_RETAIN_SELF = YES;
				CLANG_WARN_OBJC_LITERAL_CONVERSION = YES;
				CLANG_WARN_OBJC_ROOT_CLASS = YES_ERROR;
				CLANG_WARN_QUOTED_INCLUDE_IN_FRAMEWORK_HEADER = YES;
				CLANG_WARN_RANGE_LOOP_ANALYSIS = YES;
				CLANG_WARN_STRICT_PROTOTYPES = YES;
				CLANG_WARN_SUSPICIOUS_MOVE = YES;
				CLANG_WARN_UNGUARDED_AVAILABILITY = YES_AGGRESSIVE;
				CLANG_WARN_UNREACHABLE_CODE = YES;
				CLANG_WARN__DUPLICATE_METHOD_MATCH = YES;
				COPY_PHASE_STRIP = NO;
				DEBUG_INFORMATION_FORMAT = dwarf;
				ENABLE_STRICT_OBJC_MSGSEND = YES;
				ENABLE_TESTABILITY = YES;
				GCC_C_LANGUAGE_STANDARD = gnu11;
				GCC_DYNAMIC_NO_PIC = NO;
				GCC_NO_COMMON_BLOCKS = YES;
				GCC_OPTIMIZATION_LEVEL = 0;
				GCC_PREPROCESSOR_DEFINITIONS = (
					"DEBUG=1",
					"$(inherited)",
				);
				GCC_WARN_64_TO_32_BIT_CONVERSION = YES;
				GCC_WARN_ABOUT_RETURN_TYPE = YES_ERROR;
				GCC_WARN_UNDECLARED_SELECTOR = YES;
				GCC_WARN_UNINITIALIZED_AUTOS = YES_AGGRESSIVE;
				GCC_WARN_UNUSED_FUNCTION = YES;
				GCC_WARN_UNUSED_VARIABLE = YES;
				IPHONEOS_DEPLOYMENT_TARGET = 14.4;
				MTL_ENABLE_DEBUG_INFO = INCLUDE_SOURCE;
				MTL_FAST_MATH = YES;
				ONLY_ACTIVE_ARCH = YES;
				SDKROOT = iphoneos;
				SWIFT_ACTIVE_COMPILATION_CONDITIONS = DEBUG;
				SWIFT_OPTIMIZATION_LEVEL = "-Onone";
			};
			name = Debug;
		};
		035125CF2637D39B0009BE3C /* Release */ = {
			isa = XCBuildConfiguration;
			buildSettings = {
				ALWAYS_SEARCH_USER_PATHS = NO;
				CLANG_ANALYZER_NONNULL = YES;
				CLANG_ANALYZER_NUMBER_OBJECT_CONVERSION = YES_AGGRESSIVE;
				CLANG_CXX_LANGUAGE_STANDARD = "gnu++14";
				CLANG_CXX_LIBRARY = "libc++";
				CLANG_ENABLE_MODULES = YES;
				CLANG_ENABLE_OBJC_ARC = YES;
				CLANG_ENABLE_OBJC_WEAK = YES;
				CLANG_WARN_BLOCK_CAPTURE_AUTORELEASING = YES;
				CLANG_WARN_BOOL_CONVERSION = YES;
				CLANG_WARN_COMMA = YES;
				CLANG_WARN_CONSTANT_CONVERSION = YES;
				CLANG_WARN_DEPRECATED_OBJC_IMPLEMENTATIONS = YES;
				CLANG_WARN_DIRECT_OBJC_ISA_USAGE = YES_ERROR;
				CLANG_WARN_DOCUMENTATION_COMMENTS = YES;
				CLANG_WARN_EMPTY_BODY = YES;
				CLANG_WARN_ENUM_CONVERSION = YES;
				CLANG_WARN_INFINITE_RECURSION = YES;
				CLANG_WARN_INT_CONVERSION = YES;
				CLANG_WARN_NON_LITERAL_NULL_CONVERSION = YES;
				CLANG_WARN_OBJC_IMPLICIT_RETAIN_SELF = YES;
				CLANG_WARN_OBJC_LITERAL_CONVERSION = YES;
				CLANG_WARN_OBJC_ROOT_CLASS = YES_ERROR;
				CLANG_WARN_QUOTED_INCLUDE_IN_FRAMEWORK_HEADER = YES;
				CLANG_WARN_RANGE_LOOP_ANALYSIS = YES;
				CLANG_WARN_STRICT_PROTOTYPES = YES;
				CLANG_WARN_SUSPICIOUS_MOVE = YES;
				CLANG_WARN_UNGUARDED_AVAILABILITY = YES_AGGRESSIVE;
				CLANG_WARN_UNREACHABLE_CODE = YES;
				CLANG_WARN__DUPLICATE_METHOD_MATCH = YES;
				COPY_PHASE_STRIP = NO;
				DEBUG_INFORMATION_FORMAT = "dwarf-with-dsym";
				ENABLE_NS_ASSERTIONS = NO;
				ENABLE_STRICT_OBJC_MSGSEND = YES;
				GCC_C_LANGUAGE_STANDARD = gnu11;
				GCC_NO_COMMON_BLOCKS = YES;
				GCC_WARN_64_TO_32_BIT_CONVERSION = YES;
				GCC_WARN_ABOUT_RETURN_TYPE = YES_ERROR;
				GCC_WARN_UNDECLARED_SELECTOR = YES;
				GCC_WARN_UNINITIALIZED_AUTOS = YES_AGGRESSIVE;
				GCC_WARN_UNUSED_FUNCTION = YES;
				GCC_WARN_UNUSED_VARIABLE = YES;
				IPHONEOS_DEPLOYMENT_TARGET = 14.4;
				MTL_ENABLE_DEBUG_INFO = NO;
				MTL_FAST_MATH = YES;
				SDKROOT = iphoneos;
				SWIFT_COMPILATION_MODE = wholemodule;
				SWIFT_OPTIMIZATION_LEVEL = "-O";
				VALIDATE_PRODUCT = YES;
			};
			name = Release;
		};
		035125D12637D39B0009BE3C /* Debug */ = {
			isa = XCBuildConfiguration;
			baseConfigurationReference = 57E8DE30BF36A9E4DFF1EAF0 /* Pods-GithubUser.debug.xcconfig */;
			buildSettings = {
				ASSETCATALOG_COMPILER_APPICON_NAME = AppIcon;
				ASSETCATALOG_COMPILER_GLOBAL_ACCENT_COLOR_NAME = AccentColor;
				CODE_SIGN_STYLE = Automatic;
				DEVELOPMENT_TEAM = XLTUC52FU8;
				INFOPLIST_FILE = GithubUser/Info.plist;
				LD_RUNPATH_SEARCH_PATHS = (
					"$(inherited)",
					"@executable_path/Frameworks",
				);
				PRODUCT_BUNDLE_IDENTIFIER = com.morebgle.githubuser;
				PRODUCT_NAME = "$(TARGET_NAME)";
				SWIFT_VERSION = 5.0;
				TARGETED_DEVICE_FAMILY = "1,2";
			};
			name = Debug;
		};
		035125D22637D39B0009BE3C /* Release */ = {
			isa = XCBuildConfiguration;
			baseConfigurationReference = D55FABB611831CC70CD7D12E /* Pods-GithubUser.release.xcconfig */;
			buildSettings = {
				ASSETCATALOG_COMPILER_APPICON_NAME = AppIcon;
				ASSETCATALOG_COMPILER_GLOBAL_ACCENT_COLOR_NAME = AccentColor;
				CODE_SIGN_STYLE = Automatic;
				DEVELOPMENT_TEAM = XLTUC52FU8;
				INFOPLIST_FILE = GithubUser/Info.plist;
				LD_RUNPATH_SEARCH_PATHS = (
					"$(inherited)",
					"@executable_path/Frameworks",
				);
				PRODUCT_BUNDLE_IDENTIFIER = com.morebgle.githubuser;
				PRODUCT_NAME = "$(TARGET_NAME)";
				SWIFT_VERSION = 5.0;
				TARGETED_DEVICE_FAMILY = "1,2";
			};
			name = Release;
		};
		035125D42637D39B0009BE3C /* Debug */ = {
			isa = XCBuildConfiguration;
			baseConfigurationReference = 34B8A9E444EC78A3CF440C83 /* Pods-GithubUserTests.debug.xcconfig */;
			buildSettings = {
				ALWAYS_EMBED_SWIFT_STANDARD_LIBRARIES = YES;
				BUNDLE_LOADER = "$(TEST_HOST)";
				CODE_SIGN_STYLE = Automatic;
				DEVELOPMENT_TEAM = XLTUC52FU8;
				INFOPLIST_FILE = GithubUserTests/Info.plist;
				IPHONEOS_DEPLOYMENT_TARGET = 14.4;
				LD_RUNPATH_SEARCH_PATHS = (
					"$(inherited)",
					"@executable_path/Frameworks",
					"@loader_path/Frameworks",
				);
				PRODUCT_BUNDLE_IDENTIFIER = com.morebgle.GithubUserTests;
				PRODUCT_NAME = "$(TARGET_NAME)";
				SWIFT_VERSION = 5.0;
				TARGETED_DEVICE_FAMILY = "1,2";
				TEST_HOST = "$(BUILT_PRODUCTS_DIR)/GithubUser.app/GithubUser";
			};
			name = Debug;
		};
		035125D52637D39B0009BE3C /* Release */ = {
			isa = XCBuildConfiguration;
			baseConfigurationReference = 32228C0F3A2A143228289C0F /* Pods-GithubUserTests.release.xcconfig */;
			buildSettings = {
				ALWAYS_EMBED_SWIFT_STANDARD_LIBRARIES = YES;
				BUNDLE_LOADER = "$(TEST_HOST)";
				CODE_SIGN_STYLE = Automatic;
				DEVELOPMENT_TEAM = XLTUC52FU8;
				INFOPLIST_FILE = GithubUserTests/Info.plist;
				IPHONEOS_DEPLOYMENT_TARGET = 14.4;
				LD_RUNPATH_SEARCH_PATHS = (
					"$(inherited)",
					"@executable_path/Frameworks",
					"@loader_path/Frameworks",
				);
				PRODUCT_BUNDLE_IDENTIFIER = com.morebgle.GithubUserTests;
				PRODUCT_NAME = "$(TARGET_NAME)";
				SWIFT_VERSION = 5.0;
				TARGETED_DEVICE_FAMILY = "1,2";
				TEST_HOST = "$(BUILT_PRODUCTS_DIR)/GithubUser.app/GithubUser";
			};
			name = Release;
		};
/* End XCBuildConfiguration section */

/* Begin XCConfigurationList section */
		035125A12637D39A0009BE3C /* Build configuration list for PBXProject "GithubUser" */ = {
			isa = XCConfigurationList;
			buildConfigurations = (
				035125CE2637D39B0009BE3C /* Debug */,
				035125CF2637D39B0009BE3C /* Release */,
			);
			defaultConfigurationIsVisible = 0;
			defaultConfigurationName = Release;
		};
		035125D02637D39B0009BE3C /* Build configuration list for PBXNativeTarget "GithubUser" */ = {
			isa = XCConfigurationList;
			buildConfigurations = (
				035125D12637D39B0009BE3C /* Debug */,
				035125D22637D39B0009BE3C /* Release */,
			);
			defaultConfigurationIsVisible = 0;
			defaultConfigurationName = Release;
		};
		035125D32637D39B0009BE3C /* Build configuration list for PBXNativeTarget "GithubUserTests" */ = {
			isa = XCConfigurationList;
			buildConfigurations = (
				035125D42637D39B0009BE3C /* Debug */,
				035125D52637D39B0009BE3C /* Release */,
			);
			defaultConfigurationIsVisible = 0;
			defaultConfigurationName = Release;
		};
/* End XCConfigurationList section */

/* Begin XCVersionGroup section */
		038A86FF263A7D6F005DC17E /* FavoriteUsers.xcdatamodeld */ = {
			isa = XCVersionGroup;
			children = (
				038A8700263A7D6F005DC17E /* FavoriteUser.xcdatamodel */,
			);
			currentVersion = 038A8700263A7D6F005DC17E /* FavoriteUser.xcdatamodel */;
			path = FavoriteUsers.xcdatamodeld;
			sourceTree = "<group>";
			versionGroupType = wrapper.xcdatamodel;
		};
/* End XCVersionGroup section */
	};
	rootObject = 0351259E2637D39A0009BE3C /* Project object */;
}
